
Microsoft Visual Studio Solution File, Format Version 12.00
# Visual Studio 2012
Project("{FAE04EC0-301F-11D3-BF4B-00C04F79EFBC}") = "Ejercicio3.3", "Ejercicio3.3\Ejercicio3.3.csproj", "{EEE33055-A69B-4E4B-AA18-2F8EE5D5FE3F}"
EndProject
Global
	GlobalSection(SolutionConfigurationPlatforms) = preSolution
		Debug|Any CPU = Debug|Any CPU
		Release|Any CPU = Release|Any CPU
	EndGlobalSection
	GlobalSection(ProjectConfigurationPlatforms) = postSolution
		{EEE33055-A69B-4E4B-AA18-2F8EE5D5FE3F}.Debug|Any CPU.ActiveCfg = Debug|Any CPU
		{EEE33055-A69B-4E4B-AA18-2F8EE5D5FE3F}.Debug|Any CPU.Build.0 = Debug|Any CPU
		{EEE33055-A69B-4E4B-AA18-2F8EE5D5FE3F}.Release|Any CPU.ActiveCfg = Release|Any CPU
		{EEE33055-A69B-4E4B-AA18-2F8EE5D5FE3F}.Release|Any CPU.Build.0 = Release|Any CPU
	EndGlobalSection
	GlobalSection(SolutionProperties) = preSolution
		HideSolutionNode = FALSE
	EndGlobalSection
EndGlobal
